
Microsoft Visual Studio Solution File, Format Version 12.00
# Visual Studio Version 17
VisualStudioVersion = 17.11.35222.181
MinimumVisualStudioVersion = 10.0.40219.1
Project("{FAE04EC0-301F-11D3-BF4B-00C04F79EFBC}") = "csbench", "csbench.csproj", "{D37BA677-C36A-4F7A-9E87-72D5CF034A7B}"
EndProject
Global
	GlobalSection(SolutionConfigurationPlatforms) = preSolution
		Debug|Any CPU = Debug|Any CPU
		Release|Any CPU = Release|Any CPU
	EndGlobalSection
	GlobalSection(ProjectConfigurationPlatforms) = postSolution
		{D37BA677-C36A-4F7A-9E87-72D5CF034A7B}.Debug|Any CPU.ActiveCfg = Debug|Any CPU
		{D37BA677-C36A-4F7A-9E87-72D5CF034A7B}.Debug|Any CPU.Build.0 = Debug|Any CPU
		{D37BA677-C36A-4F7A-9E87-72D5CF034A7B}.Release|Any CPU.ActiveCfg = Release|Any CPU
		{D37BA677-C36A-4F7A-9E87-72D5CF034A7B}.Release|Any CPU.Build.0 = Release|Any CPU
	EndGlobalSection
	GlobalSection(SolutionProperties) = preSolution
		HideSolutionNode = FALSE
	EndGlobalSection
	GlobalSection(ExtensibilityGlobals) = postSolution
		SolutionGuid = {21D11FF2-8E04-4538-B85D-36C1B5758C37}
	EndGlobalSection
EndGlobal
