
Microsoft Visual Studio Solution File, Format Version 12.00
# Visual Studio Version 17
VisualStudioVersion = 17.6.33723.286
MinimumVisualStudioVersion = 10.0.40219.1
Project("{8BC9CEB8-8B4A-11D0-8D11-00A0C91BC942}") = "imgui-godot-native", "imgui-godot-native.vcxproj", "{F3556BF0-209C-463A-BA5F-19A92FC8E116}"
EndProject
Global
	GlobalSection(SolutionConfigurationPlatforms) = preSolution
		Debug|x64 = Debug|x64
		Release|x64 = Release|x64
	EndGlobalSection
	GlobalSection(ProjectConfigurationPlatforms) = postSolution
		{F3556BF0-209C-463A-BA5F-19A92FC8E116}.Debug|x64.ActiveCfg = Debug|x64
		{F3556BF0-209C-463A-BA5F-19A92FC8E116}.Debug|x64.Build.0 = Debug|x64
		{F3556BF0-209C-463A-BA5F-19A92FC8E116}.Release|x64.ActiveCfg = Release|x64
		{F3556BF0-209C-463A-BA5F-19A92FC8E116}.Release|x64.Build.0 = Release|x64
	EndGlobalSection
	GlobalSection(SolutionProperties) = preSolution
		HideSolutionNode = FALSE
	EndGlobalSection
	GlobalSection(ExtensibilityGlobals) = postSolution
		SolutionGuid = {02AE07A7-08F7-4CCB-ABE4-C0B1F1D390DD}
	EndGlobalSection
EndGlobal
